
Microsoft Visual Studio Solution File, Format Version 12.00
# Visual Studio Version 16
VisualStudioVersion = 16.0.28729.10
MinimumVisualStudioVersion = 10.0.40219.1
Project("{FAE04EC0-301F-11D3-BF4B-00C04F79EFBC}") = "UDPClient", "UDPClient\UDPClient.csproj", "{7363A76B-F850-46FE-92AD-88DB571C728D}"
EndProject
Global
	GlobalSection(SolutionConfigurationPlatforms) = preSolution
		Debug|Any CPU = Debug|Any CPU
		Release|Any CPU = Release|Any CPU
	EndGlobalSection
	GlobalSection(ProjectConfigurationPlatforms) = postSolution
		{7363A76B-F850-46FE-92AD-88DB571C728D}.Debug|Any CPU.ActiveCfg = Debug|Any CPU
		{7363A76B-F850-46FE-92AD-88DB571C728D}.Debug|Any CPU.Build.0 = Debug|Any CPU
		{7363A76B-F850-46FE-92AD-88DB571C728D}.Release|Any CPU.ActiveCfg = Release|Any CPU
		{7363A76B-F850-46FE-92AD-88DB571C728D}.Release|Any CPU.Build.0 = Release|Any CPU
	EndGlobalSection
	GlobalSection(SolutionProperties) = preSolution
		HideSolutionNode = FALSE
	EndGlobalSection
	GlobalSection(ExtensibilityGlobals) = postSolution
		SolutionGuid = {4CCDFE34-AE4A-4309-B8B3-474D27F8734D}
	EndGlobalSection
EndGlobal
